
Microsoft Visual Studio Solution File, Format Version 12.00
# Visual Studio Version 16
VisualStudioVersion = 16.0.30709.132
MinimumVisualStudioVersion = 10.0.40219.1
Project("{9A19103F-16F7-4668-BE54-9A1E7A4F7556}") = "Tetris", "Tetris\Tetris.csproj", "{4A9E2B46-17AD-4D52-9A19-CED8A94BDBA6}"
EndProject
Project("{9A19103F-16F7-4668-BE54-9A1E7A4F7556}") = "Tetris_WPF", "Tetris_WPF\Tetris_WPF.csproj", "{A8C54DBC-BE5B-4256-97AA-4A1F505530D4}"
EndProject
Global
	GlobalSection(SolutionConfigurationPlatforms) = preSolution
		Debug|Any CPU = Debug|Any CPU
		Debug|x64 = Debug|x64
		Release|Any CPU = Release|Any CPU
		Release|x64 = Release|x64
	EndGlobalSection
	GlobalSection(ProjectConfigurationPlatforms) = postSolution
		{4A9E2B46-17AD-4D52-9A19-CED8A94BDBA6}.Debug|Any CPU.ActiveCfg = Debug|Any CPU
		{4A9E2B46-17AD-4D52-9A19-CED8A94BDBA6}.Debug|Any CPU.Build.0 = Debug|Any CPU
		{4A9E2B46-17AD-4D52-9A19-CED8A94BDBA6}.Debug|x64.ActiveCfg = Debug|x64
		{4A9E2B46-17AD-4D52-9A19-CED8A94BDBA6}.Debug|x64.Build.0 = Debug|x64
		{4A9E2B46-17AD-4D52-9A19-CED8A94BDBA6}.Release|Any CPU.ActiveCfg = Release|Any CPU
		{4A9E2B46-17AD-4D52-9A19-CED8A94BDBA6}.Release|Any CPU.Build.0 = Release|Any CPU
		{4A9E2B46-17AD-4D52-9A19-CED8A94BDBA6}.Release|x64.ActiveCfg = Release|x64
		{4A9E2B46-17AD-4D52-9A19-CED8A94BDBA6}.Release|x64.Build.0 = Release|x64
		{A8C54DBC-BE5B-4256-97AA-4A1F505530D4}.Debug|Any CPU.ActiveCfg = Debug|Any CPU
		{A8C54DBC-BE5B-4256-97AA-4A1F505530D4}.Debug|Any CPU.Build.0 = Debug|Any CPU
		{A8C54DBC-BE5B-4256-97AA-4A1F505530D4}.Debug|x64.ActiveCfg = Debug|x64
		{A8C54DBC-BE5B-4256-97AA-4A1F505530D4}.Debug|x64.Build.0 = Debug|x64
		{A8C54DBC-BE5B-4256-97AA-4A1F505530D4}.Release|Any CPU.ActiveCfg = Release|Any CPU
		{A8C54DBC-BE5B-4256-97AA-4A1F505530D4}.Release|Any CPU.Build.0 = Release|Any CPU
		{A8C54DBC-BE5B-4256-97AA-4A1F505530D4}.Release|x64.ActiveCfg = Release|x64
		{A8C54DBC-BE5B-4256-97AA-4A1F505530D4}.Release|x64.Build.0 = Release|x64
	EndGlobalSection
	GlobalSection(SolutionProperties) = preSolution
		HideSolutionNode = FALSE
	EndGlobalSection
	GlobalSection(ExtensibilityGlobals) = postSolution
		SolutionGuid = {5FF51A14-0928-4F2A-922D-B2C959192193}
	EndGlobalSection
EndGlobal
